
Microsoft Visual Studio Solution File, Format Version 12.00
# Visual Studio Version 17
VisualStudioVersion = 17.2.32616.157
MinimumVisualStudioVersion = 10.0.40219.1
Project("{888888A0-9F3D-457C-B088-3A5042F75D52}") = "ProxyHammer", "ProxyHammer.pyproj", "{16BB7A2A-89CE-4441-AC3C-DFAFB15E24A2}"
EndProject
Global
	GlobalSection(SolutionConfigurationPlatforms) = preSolution
		Debug|Any CPU = Debug|Any CPU
		Release|Any CPU = Release|Any CPU
	EndGlobalSection
	GlobalSection(ProjectConfigurationPlatforms) = postSolution
		{16BB7A2A-89CE-4441-AC3C-DFAFB15E24A2}.Debug|Any CPU.ActiveCfg = Debug|Any CPU
		{16BB7A2A-89CE-4441-AC3C-DFAFB15E24A2}.Debug|Any CPU.Build.0 = Debug|Any CPU
		{16BB7A2A-89CE-4441-AC3C-DFAFB15E24A2}.Release|Any CPU.ActiveCfg = Release|Any CPU
		{16BB7A2A-89CE-4441-AC3C-DFAFB15E24A2}.Release|Any CPU.Build.0 = Release|Any CPU
	EndGlobalSection
	GlobalSection(SolutionProperties) = preSolution
		HideSolutionNode = FALSE
	EndGlobalSection
	GlobalSection(ExtensibilityGlobals) = postSolution
		SolutionGuid = {491E0083-C698-4F64-A00C-4015EE98D4CA}
	EndGlobalSection
EndGlobal
